
Microsoft Visual Studio Solution File, Format Version 12.00
# Visual Studio 15
VisualStudioVersion = 15.0.26124.0
MinimumVisualStudioVersion = 15.0.26124.0
Project("{2150E333-8FDC-42A3-9474-1A3956D46DE8}") = "src", "src", "{80794D81-A304-4DAD-8FC3-D71084EFD86B}"
EndProject
Project("{FAE04EC0-301F-11D3-BF4B-00C04F79EFBC}") = "MandatoryString", "src\MandatoryString\MandatoryString.csproj", "{83993666-4C2F-4108-88E1-5C672299D89B}"
EndProject
Project("{2150E333-8FDC-42A3-9474-1A3956D46DE8}") = "tests", "tests", "{0F937E2E-34E2-46EE-B7F7-7ED9142F234D}"
EndProject
Project("{FAE04EC0-301F-11D3-BF4B-00C04F79EFBC}") = "MandatoryString.UnitTests", "tests\MandatoryString.UnitTests\MandatoryString.UnitTests.csproj", "{CDEA8A14-6930-40AD-B948-E3EC34FB13A9}"
EndProject
Global
	GlobalSection(SolutionConfigurationPlatforms) = preSolution
		Debug|Any CPU = Debug|Any CPU
		Debug|x64 = Debug|x64
		Debug|x86 = Debug|x86
		Release|Any CPU = Release|Any CPU
		Release|x64 = Release|x64
		Release|x86 = Release|x86
	EndGlobalSection
	GlobalSection(SolutionProperties) = preSolution
		HideSolutionNode = FALSE
	EndGlobalSection
	GlobalSection(ProjectConfigurationPlatforms) = postSolution
		{83993666-4C2F-4108-88E1-5C672299D89B}.Debug|Any CPU.ActiveCfg = Debug|Any CPU
		{83993666-4C2F-4108-88E1-5C672299D89B}.Debug|Any CPU.Build.0 = Debug|Any CPU
		{83993666-4C2F-4108-88E1-5C672299D89B}.Debug|x64.ActiveCfg = Debug|Any CPU
		{83993666-4C2F-4108-88E1-5C672299D89B}.Debug|x64.Build.0 = Debug|Any CPU
		{83993666-4C2F-4108-88E1-5C672299D89B}.Debug|x86.ActiveCfg = Debug|Any CPU
		{83993666-4C2F-4108-88E1-5C672299D89B}.Debug|x86.Build.0 = Debug|Any CPU
		{83993666-4C2F-4108-88E1-5C672299D89B}.Release|Any CPU.ActiveCfg = Release|Any CPU
		{83993666-4C2F-4108-88E1-5C672299D89B}.Release|Any CPU.Build.0 = Release|Any CPU
		{83993666-4C2F-4108-88E1-5C672299D89B}.Release|x64.ActiveCfg = Release|Any CPU
		{83993666-4C2F-4108-88E1-5C672299D89B}.Release|x64.Build.0 = Release|Any CPU
		{83993666-4C2F-4108-88E1-5C672299D89B}.Release|x86.ActiveCfg = Release|Any CPU
		{83993666-4C2F-4108-88E1-5C672299D89B}.Release|x86.Build.0 = Release|Any CPU
		{CDEA8A14-6930-40AD-B948-E3EC34FB13A9}.Debug|Any CPU.ActiveCfg = Debug|Any CPU
		{CDEA8A14-6930-40AD-B948-E3EC34FB13A9}.Debug|Any CPU.Build.0 = Debug|Any CPU
		{CDEA8A14-6930-40AD-B948-E3EC34FB13A9}.Debug|x64.ActiveCfg = Debug|Any CPU
		{CDEA8A14-6930-40AD-B948-E3EC34FB13A9}.Debug|x64.Build.0 = Debug|Any CPU
		{CDEA8A14-6930-40AD-B948-E3EC34FB13A9}.Debug|x86.ActiveCfg = Debug|Any CPU
		{CDEA8A14-6930-40AD-B948-E3EC34FB13A9}.Debug|x86.Build.0 = Debug|Any CPU
		{CDEA8A14-6930-40AD-B948-E3EC34FB13A9}.Release|Any CPU.ActiveCfg = Release|Any CPU
		{CDEA8A14-6930-40AD-B948-E3EC34FB13A9}.Release|Any CPU.Build.0 = Release|Any CPU
		{CDEA8A14-6930-40AD-B948-E3EC34FB13A9}.Release|x64.ActiveCfg = Release|Any CPU
		{CDEA8A14-6930-40AD-B948-E3EC34FB13A9}.Release|x64.Build.0 = Release|Any CPU
		{CDEA8A14-6930-40AD-B948-E3EC34FB13A9}.Release|x86.ActiveCfg = Release|Any CPU
		{CDEA8A14-6930-40AD-B948-E3EC34FB13A9}.Release|x86.Build.0 = Release|Any CPU
	EndGlobalSection
	GlobalSection(NestedProjects) = preSolution
		{83993666-4C2F-4108-88E1-5C672299D89B} = {80794D81-A304-4DAD-8FC3-D71084EFD86B}
		{CDEA8A14-6930-40AD-B948-E3EC34FB13A9} = {0F937E2E-34E2-46EE-B7F7-7ED9142F234D}
	EndGlobalSection
EndGlobal
